<?xml version="1.0" encoding="utf-8"?>
<Project ToolsVersion="4.0" xmlns="http://schemas.microsoft.com/developer/msbuild/2003">
  <ItemGroup>
    <Filter Include="hazel">
      <UniqueIdentifier>{B939900F-254E-B8C0-EECF-5B205AA3B4F1}</UniqueIdentifier>
    </Filter>
    <Filter Include="hazel\app">
      <UniqueIdentifier>{89DF336C-F549-E8E2-3E88-9988AA31C637}</UniqueIdentifier>
    </Filter>
    <Filter Include="hazel\events">
      <UniqueIdentifier>{9DAFA367-8912-330C-3298-6BC21EDAFE8E}</UniqueIdentifier>
    </Filter>
    <Filter Include="hazel\layer">
      <UniqueIdentifier>{65ED6849-D1A2-E13E-5A97-DB15C64BD842}</UniqueIdentifier>
    </Filter>
    <Filter Include="hazel\layer\imgui">
      <UniqueIdentifier>{8FB2AC35-FBC8-AACB-4440-36EDB0957B53}</UniqueIdentifier>
    </Filter>
    <Filter Include="hazel\logger">
      <UniqueIdentifier>{88197A77-747C-091C-1D02-42D20944D59E}</UniqueIdentifier>
    </Filter>
    <Filter Include="hazel\window">
      <UniqueIdentifier>{A010BA90-8C73-4935-35F9-81EB213B15B8}</UniqueIdentifier>
    </Filter>
    <Filter Include="platform">
      <UniqueIdentifier>{4A63C33C-3630-1E48-5F49-0CF04B7553D6}</UniqueIdentifier>
    </Filter>
    <Filter Include="platform\opengl">
      <UniqueIdentifier>{9E4DBFD0-0AD9-2C95-13EA-AF897FF48895}</UniqueIdentifier>
    </Filter>
    <Filter Include="platform\windows">
      <UniqueIdentifier>{A44FC440-9048-E392-B97A-C817A5D2C29E}</UniqueIdentifier>
    </Filter>
  </ItemGroup>
  <ItemGroup>
    <ClInclude Include="src\Hazel.h" />
    <ClInclude Include="src\hazel\EntryPoint.h">
      <Filter>hazel</Filter>
    </ClInclude>
    <ClInclude Include="src\hazel\app\app.h">
      <Filter>hazel\app</Filter>
    </ClInclude>
    <ClInclude Include="src\hazel\core.h">
      <Filter>hazel</Filter>
    </ClInclude>
    <ClInclude Include="src\hazel\events\ApplicationEvent.h">
      <Filter>hazel\events</Filter>
    </ClInclude>
    <ClInclude Include="src\hazel\events\Event.h">
      <Filter>hazel\events</Filter>
    </ClInclude>
    <ClInclude Include="src\hazel\events\KeyEvent.h">
      <Filter>hazel\events</Filter>
    </ClInclude>
    <ClInclude Include="src\hazel\events\MouseEvent.h">
      <Filter>hazel\events</Filter>
    </ClInclude>
    <ClInclude Include="src\hazel\layer\Layer.h">
      <Filter>hazel\layer</Filter>
    </ClInclude>
    <ClInclude Include="src\hazel\layer\LayerStack.h">
      <Filter>hazel\layer</Filter>
    </ClInclude>
    <ClInclude Include="src\hazel\layer\imgui\ImGuiLayer.h">
      <Filter>hazel\layer\imgui</Filter>
    </ClInclude>
    <ClInclude Include="src\hazel\logger\Log.h">
      <Filter>hazel\logger</Filter>
    </ClInclude>
    <ClInclude Include="src\hazel\window\Window.h">
      <Filter>hazel\window</Filter>
    </ClInclude>
    <ClInclude Include="src\hzpch.h" />
    <ClInclude Include="src\platform\opengl\ImGuiOpenGLRenderer.h">
      <Filter>platform\opengl</Filter>
    </ClInclude>
    <ClInclude Include="src\platform\windows\WindowsWindow.h">
      <Filter>platform\windows</Filter>
    </ClInclude>
    <ClInclude Include="src\hazel\io\KeyboardCodes.h" />
    <ClInclude Include="src\hazel\time\TimeUtil.h" />
  </ItemGroup>
  <ItemGroup>
    <ClCompile Include="src\hazel\app\app.cpp">
      <Filter>hazel\app</Filter>
    </ClCompile>
    <ClCompile Include="src\hazel\layer\Layer.cpp">
      <Filter>hazel\layer</Filter>
    </ClCompile>
    <ClCompile Include="src\hazel\layer\LayerStack.cpp">
      <Filter>hazel\layer</Filter>
    </ClCompile>
    <ClCompile Include="src\hazel\layer\imgui\ImGuiLayer.cpp">
      <Filter>hazel\layer\imgui</Filter>
    </ClCompile>
    <ClCompile Include="src\hazel\logger\Log.cpp">
      <Filter>hazel\logger</Filter>
    </ClCompile>
    <ClCompile Include="src\hzpch.cpp" />
    <ClCompile Include="src\platform\opengl\ImGuiOpenGLRenderer.cpp">
      <Filter>platform\opengl</Filter>
    </ClCompile>
    <ClCompile Include="src\platform\windows\WindowsWindow.cpp">
      <Filter>platform\windows</Filter>
    </ClCompile>
  </ItemGroup>
</Project>